
Microsoft Visual Studio Solution File, Format Version 12.00
# Visual Studio Version 17
VisualStudioVersion = 17.14.36616.10 d17.14
MinimumVisualStudioVersion = 10.0.40219.1
Project("{FAE04EC0-301F-11D3-BF4B-00C04F79EFBC}") = "Задание 3", "Задание 3\Задание 3.csproj", "{FF964EE6-2B8B-4B7D-9400-003F9960C35C}"
EndProject
Global
	GlobalSection(SolutionConfigurationPlatforms) = preSolution
		Debug|Any CPU = Debug|Any CPU
		Release|Any CPU = Release|Any CPU
	EndGlobalSection
	GlobalSection(ProjectConfigurationPlatforms) = postSolution
		{FF964EE6-2B8B-4B7D-9400-003F9960C35C}.Debug|Any CPU.ActiveCfg = Debug|Any CPU
		{FF964EE6-2B8B-4B7D-9400-003F9960C35C}.Debug|Any CPU.Build.0 = Debug|Any CPU
		{FF964EE6-2B8B-4B7D-9400-003F9960C35C}.Release|Any CPU.ActiveCfg = Release|Any CPU
		{FF964EE6-2B8B-4B7D-9400-003F9960C35C}.Release|Any CPU.Build.0 = Release|Any CPU
	EndGlobalSection
	GlobalSection(SolutionProperties) = preSolution
		HideSolutionNode = FALSE
	EndGlobalSection
	GlobalSection(ExtensibilityGlobals) = postSolution
		SolutionGuid = {6499A1A4-EFF6-41CA-8E6B-6234520A071E}
	EndGlobalSection
EndGlobal
