
Microsoft Visual Studio Solution File, Format Version 12.00
# Visual Studio Version 17
VisualStudioVersion = 17.13.35931.197 d17.13
MinimumVisualStudioVersion = 10.0.40219.1
Project("{FAE04EC0-301F-11D3-BF4B-00C04F79EFBC}") = "n3", "n3\n3.csproj", "{482C6CAA-5A68-44F6-9EF3-2863C1A5B5A9}"
EndProject
Global
	GlobalSection(SolutionConfigurationPlatforms) = preSolution
		Debug|Any CPU = Debug|Any CPU
		Release|Any CPU = Release|Any CPU
	EndGlobalSection
	GlobalSection(ProjectConfigurationPlatforms) = postSolution
		{482C6CAA-5A68-44F6-9EF3-2863C1A5B5A9}.Debug|Any CPU.ActiveCfg = Debug|Any CPU
		{482C6CAA-5A68-44F6-9EF3-2863C1A5B5A9}.Debug|Any CPU.Build.0 = Debug|Any CPU
		{482C6CAA-5A68-44F6-9EF3-2863C1A5B5A9}.Release|Any CPU.ActiveCfg = Release|Any CPU
		{482C6CAA-5A68-44F6-9EF3-2863C1A5B5A9}.Release|Any CPU.Build.0 = Release|Any CPU
	EndGlobalSection
	GlobalSection(SolutionProperties) = preSolution
		HideSolutionNode = FALSE
	EndGlobalSection
	GlobalSection(ExtensibilityGlobals) = postSolution
		SolutionGuid = {1E24BE58-7332-456D-81CB-521146A003E0}
	EndGlobalSection
EndGlobal
